
Microsoft Visual Studio Solution File, Format Version 12.00
# Visual Studio 15
VisualStudioVersion = 15.0.27004.2009
MinimumVisualStudioVersion = 10.0.40219.1
Project("{FAE04EC0-301F-11D3-BF4B-00C04F79EFBC}") = "FinalProject", "FinalProject\FinalProject.csproj", "{38F3E5AF-9CB1-4828-8D18-4ED3AAC4F539}"
EndProject
Global
	GlobalSection(SolutionConfigurationPlatforms) = preSolution
		Debug|Any CPU = Debug|Any CPU
		Release|Any CPU = Release|Any CPU
	EndGlobalSection
	GlobalSection(ProjectConfigurationPlatforms) = postSolution
		{38F3E5AF-9CB1-4828-8D18-4ED3AAC4F539}.Debug|Any CPU.ActiveCfg = Debug|Any CPU
		{38F3E5AF-9CB1-4828-8D18-4ED3AAC4F539}.Debug|Any CPU.Build.0 = Debug|Any CPU
		{38F3E5AF-9CB1-4828-8D18-4ED3AAC4F539}.Release|Any CPU.ActiveCfg = Release|Any CPU
		{38F3E5AF-9CB1-4828-8D18-4ED3AAC4F539}.Release|Any CPU.Build.0 = Release|Any CPU
	EndGlobalSection
	GlobalSection(SolutionProperties) = preSolution
		HideSolutionNode = FALSE
	EndGlobalSection
	GlobalSection(ExtensibilityGlobals) = postSolution
		SolutionGuid = {4EC338BE-3194-4369-ABF6-FF8AD73CF3E9}
	EndGlobalSection
EndGlobal
